# This file is generated by running "yarn install" inside your project.
# Manual changes might be lost - proceed with caution!

__metadata:
  version: 5
  cacheKey: 8

"@types/node@npm:^17.0.8":
  version: 17.0.8
  resolution: "@types/node@npm:17.0.8"
  checksum: f4cadeb9e602027520abc88c77142697e33cf6ac98bb02f8b595a398603cbd33df1f94d01c055c9f13cde0c8eaafc5e396ca72645458d42b4318b845bc7f1d0f
  languageName: node
  linkType: hard

"byond-fetch@workspace:.":
  version: 0.0.0-use.local
  resolution: "byond-fetch@workspace:."
  dependencies:
    "@types/node": ^17.0.8
    promise-socket: ^7.0.0
    typescript: ^4.5.4
  languageName: unknown
  linkType: soft

"core-js@npm:^3.6.5":
  version: 3.20.2
  resolution: "core-js@npm:3.20.2"
  checksum: dc055a5a79f2e3c2e060b4fb8a3e228fa0de16464bff3c6605646183139eebaa68c390ec6d9c3acc5677f333df510b977ee3f1d5992e6c36b1f200e35f5ed8ca
  languageName: node
  linkType: hard

"promise-duplex@npm:^6.0.0":
  version: 6.0.0
  resolution: "promise-duplex@npm:6.0.0"
  dependencies:
    core-js: ^3.6.5
    promise-readable: ^6.0.0
    promise-writable: ^6.0.0
  checksum: 402ea90c81194ed5176ef2887f31155eb59d19d57dc9f37be2fa9e382654b9a5828c121b3da2e34ccf99bd7b78fae330b357adf20307407d9996e1a3e030b97a
  languageName: node
  linkType: hard

"promise-readable@npm:^6.0.0":
  version: 6.0.0
  resolution: "promise-readable@npm:6.0.0"
  dependencies:
    core-js: ^3.6.5
  checksum: 2e93f83457011ca721e7a55b9bb5045f2bf75dc1435d1912a2f20db1ba309e3343364eb68525e87b4c8b27baa0ab04619d0a3c064e944584260b620ebcbb1bef
  languageName: node
  linkType: hard

"promise-socket@npm:^7.0.0":
  version: 7.0.0
  resolution: "promise-socket@npm:7.0.0"
  dependencies:
    promise-duplex: ^6.0.0
    tslib: ^2.0.1
  checksum: 88520afa6872a542345d0fd2dc372e6e2c88ac6a2f282309eb25d5cbc3ffda44070a60a19a7c1225942e935091fdb51d1956da706dc9fd38ecfdc99c54ac3a99
  languageName: node
  linkType: hard

"promise-writable@npm:^6.0.0":
  version: 6.0.0
  resolution: "promise-writable@npm:6.0.0"
  checksum: 805441f35a88303f60bf84354ca826b8c6183ffdbaad296782a0ebc9e0b03e57e653e15d70cd52131902d5611f618dbbe5a140e41865a358f1fc9ce398bc41eb
  languageName: node
  linkType: hard

"tslib@npm:^2.0.1":
  version: 2.3.1
  resolution: "tslib@npm:2.3.1"
  checksum: de17a98d4614481f7fcb5cd53ffc1aaf8654313be0291e1bfaee4b4bb31a20494b7d218ff2e15017883e8ea9626599b3b0e0229c18383ba9dce89da2adf15cb9
  languageName: node
  linkType: hard

"typescript@npm:^4.5.4":
  version: 4.5.4
  resolution: "typescript@npm:4.5.4"
  bin:
    tsc: bin/tsc
    tsserver: bin/tsserver
  checksum: 59f3243f9cd6fe3161e6150ff6bf795fc843b4234a655dbd938a310515e0d61afd1ac942799e7415e4334255e41c2c49b7dd5d9fd38a17acd25a6779ca7e0961
  languageName: node
  linkType: hard

"typescript@patch:typescript@^4.5.4#~builtin<compat/typescript>":
  version: 4.5.4
  resolution: "typescript@patch:typescript@npm%3A4.5.4#~builtin<compat/typescript>::version=4.5.4&hash=493e53"
  bin:
    tsc: bin/tsc
    tsserver: bin/tsserver
  checksum: 2e488dde7d2c4a2fa2e79cf2470600f8ce81bc0563c276b72df8ff412d74456ae532ba824650ae936ce207440c79720ddcfaa25e3cb4477572b8534fa4e34d49
  languageName: node
  linkType: hard
